
Microsoft Visual Studio Solution File, Format Version 12.00
# Visual Studio Version 16
VisualStudioVersion = 16.0.30907.101
MinimumVisualStudioVersion = 10.0.40219.1
Project("{FAE04EC0-301F-11D3-BF4B-00C04F79EFBC}") = "projects", "projects\projects.csproj", "{D15F2A7B-87D3-4CF4-88DA-34D70D788DFC}"
EndProject
Global
	GlobalSection(SolutionConfigurationPlatforms) = preSolution
		Debug|Any CPU = Debug|Any CPU
		Release|Any CPU = Release|Any CPU
	EndGlobalSection
	GlobalSection(ProjectConfigurationPlatforms) = postSolution
		{D15F2A7B-87D3-4CF4-88DA-34D70D788DFC}.Debug|Any CPU.ActiveCfg = Debug|Any CPU
		{D15F2A7B-87D3-4CF4-88DA-34D70D788DFC}.Debug|Any CPU.Build.0 = Debug|Any CPU
		{D15F2A7B-87D3-4CF4-88DA-34D70D788DFC}.Release|Any CPU.ActiveCfg = Release|Any CPU
		{D15F2A7B-87D3-4CF4-88DA-34D70D788DFC}.Release|Any CPU.Build.0 = Release|Any CPU
	EndGlobalSection
	GlobalSection(SolutionProperties) = preSolution
		HideSolutionNode = FALSE
	EndGlobalSection
	GlobalSection(ExtensibilityGlobals) = postSolution
		SolutionGuid = {6E3802A4-919B-4137-982B-035A05D2BFC9}
	EndGlobalSection
EndGlobal
